# THIS IS AN AUTOGENERATED FILE. DO NOT EDIT THIS FILE DIRECTLY.
# yarn lockfile v1


"@types/jquery@2.0.42":
  version "2.0.42"
  resolved "https://registry.yarnpkg.com/@types/jquery/-/jquery-2.0.42.tgz#57cdb1a0f610ddad488adf620e40f8d07ff3ecdf"
  integrity sha1-V82xoPYQ3a1Iit9iDkD40H/z7N8=

typescript@^4.2.4:
  version "4.2.4"
  resolved "https://registry.yarnpkg.com/typescript/-/typescript-4.2.4.tgz#8610b59747de028fda898a8aef0e103f156d0961"
  integrity sha512-V+evlYHZnQkaz8TRBuxTA92yZBPotr5H+WhQ7bD3hZUndx5tGOa1fuCgeSjxAzM1RiN5IzvadIXTVefuuwZCRg==
